{
    "name": "npm-no-fix",
    "version": "1.0.0",
    "lockfileVersion": 3,
    "requires": true,
    "packages": {
        "": {
            "name": "npm-no-fix",
            "version": "1.0.0",
            "dependencies": {
                "node-forge": "1.4.0"
            },
            "devDependencies": {
                "nodemon": "3.1.14"
            }
        },
        "node_modules/braces": {
            "version": "3.0.3",
            "resolved": "https://registry.npmjs.org/braces/-/braces-3.0.3.tgz",
            "integrity": "sha512-DDDDDDDDDDDDDDDDDDDDDDDDDDDDDDDDDDDDDDDDDDDDDDDDDDDDDDDDDDDDDDDDDDDDDDDDDDDDDDDDDDDDDD==",
            "dev": true
        },
        "node_modules/chokidar": {
            "version": "3.6.0",
            "resolved": "https://registry.npmjs.org/chokidar/-/chokidar-3.6.0.tgz",
            "integrity": "sha512-EEEEEEEEEEEEEEEEEEEEEEEEEEEEEEEEEEEEEEEEEEEEEEEEEEEEEEEEEEEEEEEEEEEEEEEEEEEEEEEEEEEEEE==",
            "dev": true,
            "dependencies": {
                "braces": "~3.0.2"
            }
        },
        "node_modules/node-forge": {
            "version": "1.4.0",
            "resolved": "https://registry.npmjs.org/node-forge/-/node-forge-1.4.0.tgz",
            "integrity": "sha512-FFFFFFFFFFFFFFFFFFFFFFFFFFFFFFFFFFFFFFFFFFFFFFFFFFFFFFFFFFFFFFFFFFFFFFFFFFFFFFFFFFFFFF=="
        },
        "node_modules/nodemon": {
            "version": "3.1.14",
            "resolved": "https://registry.npmjs.org/nodemon/-/nodemon-3.1.14.tgz",
            "integrity": "sha512-GGGGGGGGGGGGGGGGGGGGGGGGGGGGGGGGGGGGGGGGGGGGGGGGGGGGGGGGGGGGGGGGGGGGGGGGGGGGGGGGGGGGGG==",
            "dev": true,
            "dependencies": {
                "chokidar": "^3.5.2"
            }
        }
    }
}
