{
    "name": "fix-status",
    "version": "1.0.0",
    "lockfileVersion": 3,
    "requires": true,
    "packages": {
        "": {
            "name": "fix-status",
            "version": "1.0.0",
            "dependencies": {
                "node-forge": "1.4.0",
                "qs": "6.15.0"
            },
            "devDependencies": {
                "nodemon": "3.1.14",
                "@next/eslint-plugin-next": "16.3.8"
            }
        },
        "node_modules/@next/eslint-plugin-next": {
            "version": "16.3.8",
            "dev": true,
            "dependencies": {
                "fast-glob": "3.3.1"
            }
        },
        "node_modules/braces": {
            "version": "3.0.3",
            "dev": true
        },
        "node_modules/chokidar": {
            "version": "3.6.0",
            "dev": true,
            "dependencies": {
                "braces": "~3.0.2"
            }
        },
        "node_modules/fast-glob": {
            "version": "3.3.1",
            "dev": true,
            "dependencies": {
                "micromatch": "^4.0.4"
            }
        },
        "node_modules/micromatch": {
            "version": "4.0.8",
            "dev": true,
            "dependencies": {
                "braces": "^3.0.3"
            }
        },
        "node_modules/node-forge": {
            "version": "1.4.0"
        },
        "node_modules/nodemon": {
            "version": "3.1.14",
            "dev": true,
            "dependencies": {
                "chokidar": "^3.5.2"
            }
        },
        "node_modules/qs": {
            "version": "6.15.0"
        }
    }
}
